{
  "name": "workspace",
  "lockfileVersion": 3,
  "requires": true,
  "packages": {
    "": {
      "dependencies": {
        "opencode-ai": "^1.2.9"
      }
    },
    "node_modules/opencode-ai": {
      "version": "1.2.9",
      "resolved": "https://registry.npmjs.org/opencode-ai/-/opencode-ai-1.2.9.tgz",
      "integrity": "sha512-0W7YiNWIR+Wu+cXkWhDD8hDXsQ8kp5IEZKjo8+gNYpgv5E03vi3JGJ5saOZJ1DnyasnvrcKCiVikjohI8hzTiA==",
      "hasInstallScript": true,
      "license": "MIT",
      "bin": {
        "opencode": "bin/opencode"
      },
      "optionalDependencies": {
        "opencode-darwin-arm64": "1.2.9",
        "opencode-darwin-x64": "1.2.9",
        "opencode-darwin-x64-baseline": "1.2.9",
        "opencode-linux-arm64": "1.2.9",
        "opencode-linux-arm64-musl": "1.2.9",
        "opencode-linux-x64": "1.2.9",
        "opencode-linux-x64-baseline": "1.2.9",
        "opencode-linux-x64-baseline-musl": "1.2.9",
        "opencode-linux-x64-musl": "1.2.9",
        "opencode-windows-x64": "1.2.9",
        "opencode-windows-x64-baseline": "1.2.9"
      }
    },
    "node_modules/opencode-darwin-arm64": {
      "version": "1.2.9",
      "resolved": "https://registry.npmjs.org/opencode-darwin-arm64/-/opencode-darwin-arm64-1.2.9.tgz",
      "integrity": "sha512-VfHWjkqkL1fPz6CZIhjMzF7E46q0JPTolyGsD54e3i1gCi83K3eJQm8wpO/Kq9K1GHcfCkzP8yvyKbTOQ2lTCQ==",
      "cpu": [
        "arm64"
      ],
      "optional": true,
      "os": [
        "darwin"
      ]
    },
    "node_modules/opencode-darwin-x64": {
      "version": "1.2.9",
      "resolved": "https://registry.npmjs.org/opencode-darwin-x64/-/opencode-darwin-x64-1.2.9.tgz",
      "integrity": "sha512-b44hG6vmHpOJfLVhc0bcmLIfr2aMR5+jFuhE82YbhQuU2TXC0uYDIruF4vbMowiwmOi+7VqQcZ7UWSUyrN6Rkg==",
      "cpu": [
        "x64"
      ],
      "optional": true,
      "os": [
        "darwin"
      ]
    },
    "node_modules/opencode-darwin-x64-baseline": {
      "version": "1.2.9",
      "resolved": "https://registry.npmjs.org/opencode-darwin-x64-baseline/-/opencode-darwin-x64-baseline-1.2.9.tgz",
      "integrity": "sha512-p/yFCbS9W6C0xywBfgdAeak4Eg56IL5hgcOdX6Ru7oHyTK8Rh4rAkHwCSV2xASN+Zuwi6/3GtwarLj9+mD8caQ==",
      "cpu": [
        "x64"
      ],
      "optional": true,
      "os": [
        "darwin"
      ]
    },
    "node_modules/opencode-linux-arm64": {
      "version": "1.2.9",
      "resolved": "https://registry.npmjs.org/opencode-linux-arm64/-/opencode-linux-arm64-1.2.9.tgz",
      "integrity": "sha512-7ZJXpKp11vjKzbdwhtOE/lHnkBdfA0kcGCmrUjvBbg8buEnmZ/q26JYm8RvUUycDSf5y/Fs0+fOf78R9gwp1DQ==",
      "cpu": [
        "arm64"
      ],
      "optional": true,
      "os": [
        "linux"
      ]
    },
    "node_modules/opencode-linux-arm64-musl": {
      "version": "1.2.9",
      "resolved": "https://registry.npmjs.org/opencode-linux-arm64-musl/-/opencode-linux-arm64-musl-1.2.9.tgz",
      "integrity": "sha512-LylvTo6F8Z5V8XMfnIexdL66oQLvRpRbk1jb/R4JTuN2W9rId8MAXxxbufBBj2DBUmUTbP6rvbZ1g05P9leuEw==",
      "cpu": [
        "arm64"
      ],
      "optional": true,
      "os": [
        "linux"
      ]
    },
    "node_modules/opencode-linux-x64": {
      "version": "1.2.9",
      "resolved": "https://registry.npmjs.org/opencode-linux-x64/-/opencode-linux-x64-1.2.9.tgz",
      "integrity": "sha512-v4sKEroCrIab2NANsq4TlL4HVZQg5zL+OPMIhMqP1BaWE/Qe3LWL/W956f/zDS5iFwaYk8CL0QR5XKAUQifCqQ==",
      "cpu": [
        "x64"
      ],
      "optional": true,
      "os": [
        "linux"
      ]
    },
    "node_modules/opencode-linux-x64-baseline": {
      "version": "1.2.9",
      "resolved": "https://registry.npmjs.org/opencode-linux-x64-baseline/-/opencode-linux-x64-baseline-1.2.9.tgz",
      "integrity": "sha512-uTEjxc9+zv55WbIraUoTTRUIpSkzssMik4ik+nzMoEHQPlCADiu1FczmNdHp+rMVtQtEzAGcxPYOr3knT07/fQ==",
      "cpu": [
        "x64"
      ],
      "optional": true,
      "os": [
        "linux"
      ]
    },
    "node_modules/opencode-linux-x64-baseline-musl": {
      "version": "1.2.9",
      "resolved": "https://registry.npmjs.org/opencode-linux-x64-baseline-musl/-/opencode-linux-x64-baseline-musl-1.2.9.tgz",
      "integrity": "sha512-YXq0PQz5OnZ3z6CNvKkIjbW+AhmnUdWJ8aPay2Voh/eGcOqZnXCWgp+RDI17ZVw+kFJXL2rwqfyP30Cg+purGg==",
      "cpu": [
        "x64"
      ],
      "optional": true,
      "os": [
        "linux"
      ]
    },
    "node_modules/opencode-linux-x64-musl": {
      "version": "1.2.9",
      "resolved": "https://registry.npmjs.org/opencode-linux-x64-musl/-/opencode-linux-x64-musl-1.2.9.tgz",
      "integrity": "sha512-Mq3AgBq0m16RrU15Kj+rA5AEeOjMX6g+7ELq2MmgmsaXcnShkcrU2Kh8mu3aKge4ZSFhGqBy+ll173R8MiSQaw==",
      "cpu": [
        "x64"
      ],
      "optional": true,
      "os": [
        "linux"
      ]
    },
    "node_modules/opencode-windows-x64": {
      "version": "1.2.9",
      "resolved": "https://registry.npmjs.org/opencode-windows-x64/-/opencode-windows-x64-1.2.9.tgz",
      "integrity": "sha512-MFI97TPHHC27xp3fHKAjtnsv2Snr+V1DHYxCxQWCnctZjCaqa9uHIWnPMWfMXJs9O5EC4Tnm3Mk8Mt/GbG6UwA==",
      "cpu": [
        "x64"
      ],
      "optional": true,
      "os": [
        "win32"
      ]
    },
    "node_modules/opencode-windows-x64-baseline": {
      "version": "1.2.9",
      "resolved": "https://registry.npmjs.org/opencode-windows-x64-baseline/-/opencode-windows-x64-baseline-1.2.9.tgz",
      "integrity": "sha512-EhhInPMz2MTEvKOG9prVRHYSI9g6/zvmO22h1z5iol93sh+/If45SKqEdU29J9nvW9PhBy8U0I8btnbREXueQw==",
      "cpu": [
        "x64"
      ],
      "optional": true,
      "os": [
        "win32"
      ]
    }
  }
}
