{
  "name": "workspace",
  "lockfileVersion": 3,
  "requires": true,
  "packages": {
    "": {
      "dependencies": {
        "@ai-sdk/openai-compatible": "^2.0.31",
        "opencode-ai": "^1.2.24",
        "wscat": "^6.1.0"
      }
    },
    "node_modules/@ai-sdk/openai-compatible": {
      "version": "2.0.31",
      "resolved": "https://registry.npmjs.org/@ai-sdk/openai-compatible/-/openai-compatible-2.0.31.tgz",
      "integrity": "sha512-e78xiImcTe2aCMQoFbVJluQmUV4XgahOmmehAuRPlcwzRv2KtkvuLCXPC9Xcy2u83e8SimVva9k9G8SvZcnaBA==",
      "license": "Apache-2.0",
      "dependencies": {
        "@ai-sdk/provider": "3.0.8",
        "@ai-sdk/provider-utils": "4.0.16"
      },
      "engines": {
        "node": ">=18"
      },
      "peerDependencies": {
        "zod": "^3.25.76 || ^4.1.8"
      }
    },
    "node_modules/@ai-sdk/provider": {
      "version": "3.0.8",
      "resolved": "https://registry.npmjs.org/@ai-sdk/provider/-/provider-3.0.8.tgz",
      "integrity": "sha512-oGMAgGoQdBXbZqNG0Ze56CHjDZ1IDYOwGYxYjO5KLSlz5HiNQ9udIXsPZ61VWaHGZ5XW/jyjmr6t2xz2jGVwbQ==",
      "license": "Apache-2.0",
      "dependencies": {
        "json-schema": "^0.4.0"
      },
      "engines": {
        "node": ">=18"
      }
    },
    "node_modules/@ai-sdk/provider-utils": {
      "version": "4.0.16",
      "resolved": "https://registry.npmjs.org/@ai-sdk/provider-utils/-/provider-utils-4.0.16.tgz",
      "integrity": "sha512-kBvDqNkt5EwlzF9FujmNhhtl8FYg3e8FO8P5uneKliqfRThWemzBj+wfYr7ZCymAQhTRnwSSz1/SOqhOAwmx9g==",
      "license": "Apache-2.0",
      "dependencies": {
        "@ai-sdk/provider": "3.0.8",
        "@standard-schema/spec": "^1.1.0",
        "eventsource-parser": "^3.0.6"
      },
      "engines": {
        "node": ">=18"
      },
      "peerDependencies": {
        "zod": "^3.25.76 || ^4.1.8"
      }
    },
    "node_modules/@standard-schema/spec": {
      "version": "1.1.0",
      "resolved": "https://registry.npmjs.org/@standard-schema/spec/-/spec-1.1.0.tgz",
      "integrity": "sha512-l2aFy5jALhniG5HgqrD6jXLi/rUWrKvqN/qJx6yoJsgKhblVd+iqqU4RCXavm/jPityDo5TCvKMnpjKnOriy0w==",
      "license": "MIT"
    },
    "node_modules/agent-base": {
      "version": "7.1.4",
      "resolved": "https://registry.npmjs.org/agent-base/-/agent-base-7.1.4.tgz",
      "integrity": "sha512-MnA+YT8fwfJPgBx3m60MNqakm30XOkyIoH1y6huTQvC0PwZG7ki8NacLBcrPbNoo8vEZy7Jpuk7+jMO+CUovTQ==",
      "license": "MIT",
      "engines": {
        "node": ">= 14"
      }
    },
    "node_modules/commander": {
      "version": "12.1.0",
      "resolved": "https://registry.npmjs.org/commander/-/commander-12.1.0.tgz",
      "integrity": "sha512-Vw8qHK3bZM9y/P10u3Vib8o/DdkvA2OtPtZvD871QKjy74Wj1WSKFILMPRPSdUSx5RFK1arlJzEtA4PkFgnbuA==",
      "license": "MIT",
      "engines": {
        "node": ">=18"
      }
    },
    "node_modules/debug": {
      "version": "4.4.3",
      "resolved": "https://registry.npmjs.org/debug/-/debug-4.4.3.tgz",
      "integrity": "sha512-RGwwWnwQvkVfavKVt22FGLw+xYSdzARwm0ru6DhTVA3umU5hZc28V3kO4stgYryrTlLpuvgI9GiijltAjNbcqA==",
      "license": "MIT",
      "dependencies": {
        "ms": "^2.1.3"
      },
      "engines": {
        "node": ">=6.0"
      },
      "peerDependenciesMeta": {
        "supports-color": {
          "optional": true
        }
      }
    },
    "node_modules/eventsource-parser": {
      "version": "3.0.6",
      "resolved": "https://registry.npmjs.org/eventsource-parser/-/eventsource-parser-3.0.6.tgz",
      "integrity": "sha512-Vo1ab+QXPzZ4tCa8SwIHJFaSzy4R6SHf7BY79rFBDf0idraZWAkYrDjDj8uWaSm3S2TK+hJ7/t1CEmZ7jXw+pg==",
      "license": "MIT",
      "engines": {
        "node": ">=18.0.0"
      }
    },
    "node_modules/https-proxy-agent": {
      "version": "7.0.6",
      "resolved": "https://registry.npmjs.org/https-proxy-agent/-/https-proxy-agent-7.0.6.tgz",
      "integrity": "sha512-vK9P5/iUfdl95AI+JVyUuIcVtd4ofvtrOr3HNtM2yxC9bnMbEdp3x01OhQNnjb8IJYi38VlTE3mBXwcfvywuSw==",
      "license": "MIT",
      "dependencies": {
        "agent-base": "^7.1.2",
        "debug": "4"
      },
      "engines": {
        "node": ">= 14"
      }
    },
    "node_modules/json-schema": {
      "version": "0.4.0",
      "resolved": "https://registry.npmjs.org/json-schema/-/json-schema-0.4.0.tgz",
      "integrity": "sha512-es94M3nTIfsEPisRafak+HDLfHXnKBhV3vU5eqPcS3flIWqcxJWgXHXiey3YrpaNsanY5ei1VoYEbOzijuq9BA==",
      "license": "(AFL-2.1 OR BSD-3-Clause)"
    },
    "node_modules/ms": {
      "version": "2.1.3",
      "resolved": "https://registry.npmjs.org/ms/-/ms-2.1.3.tgz",
      "integrity": "sha512-6FlzubTLZG3J2a/NVCAleEhjzq5oxgHyaCU9yYXvcLsvoVaHJq/s5xXI6/XXP6tz7R9xAOtHnSO/tXtF3WRTlA==",
      "license": "MIT"
    },
    "node_modules/mute-stream": {
      "version": "2.0.0",
      "resolved": "https://registry.npmjs.org/mute-stream/-/mute-stream-2.0.0.tgz",
      "integrity": "sha512-WWdIxpyjEn+FhQJQQv9aQAYlHoNVdzIzUySNV1gHUPDSdZJ3yZn7pAAbQcV7B56Mvu881q9FZV+0Vx2xC44VWA==",
      "license": "ISC",
      "engines": {
        "node": "^18.17.0 || >=20.5.0"
      }
    },
    "node_modules/opencode-ai": {
      "version": "1.2.24",
      "resolved": "https://registry.npmjs.org/opencode-ai/-/opencode-ai-1.2.24.tgz",
      "integrity": "sha512-LaSoATkVEF6jyXNnAPrkqYpmHsZfuf2uPLDSEGJkL4hT6HYFq8LkoknHDjCGIiE5Be3MmId4+l17eSIKDfmddw==",
      "hasInstallScript": true,
      "license": "MIT",
      "bin": {
        "opencode": "bin/opencode"
      },
      "optionalDependencies": {
        "opencode-darwin-arm64": "1.2.24",
        "opencode-darwin-x64": "1.2.24",
        "opencode-darwin-x64-baseline": "1.2.24",
        "opencode-linux-arm64": "1.2.24",
        "opencode-linux-arm64-musl": "1.2.24",
        "opencode-linux-x64": "1.2.24",
        "opencode-linux-x64-baseline": "1.2.24",
        "opencode-linux-x64-baseline-musl": "1.2.24",
        "opencode-linux-x64-musl": "1.2.24",
        "opencode-windows-x64": "1.2.24",
        "opencode-windows-x64-baseline": "1.2.24"
      }
    },
    "node_modules/opencode-darwin-arm64": {
      "version": "1.2.24",
      "resolved": "https://registry.npmjs.org/opencode-darwin-arm64/-/opencode-darwin-arm64-1.2.24.tgz",
      "integrity": "sha512-mk5AkNbmATLwjnczd09Fu9dLTPcW4GSlRlIGWJBbLuGSPe7DWfbuhA5tj00VuaGeC09wDKVnW06BxWp/gRzgMQ==",
      "cpu": [
        "arm64"
      ],
      "optional": true,
      "os": [
        "darwin"
      ]
    },
    "node_modules/opencode-darwin-x64": {
      "version": "1.2.24",
      "resolved": "https://registry.npmjs.org/opencode-darwin-x64/-/opencode-darwin-x64-1.2.24.tgz",
      "integrity": "sha512-SuG7ItUejx42z9Bz46t0R3LLFIM34vZUcwJAkqqpS6MRd1KV9G4OQIJl9BR+Cwwvk70iqCnoDxj5NgFZjeeNOw==",
      "cpu": [
        "x64"
      ],
      "optional": true,
      "os": [
        "darwin"
      ]
    },
    "node_modules/opencode-darwin-x64-baseline": {
      "version": "1.2.24",
      "resolved": "https://registry.npmjs.org/opencode-darwin-x64-baseline/-/opencode-darwin-x64-baseline-1.2.24.tgz",
      "integrity": "sha512-+MT/ZkgXxeID/kOcT04SBn8Vg+4tk8CytKldaNDLgUnsi/78vTxDXWs0Cc21Ohc894r45fEtOOb5npSNIMOVfQ==",
      "cpu": [
        "x64"
      ],
      "optional": true,
      "os": [
        "darwin"
      ]
    },
    "node_modules/opencode-linux-arm64": {
      "version": "1.2.24",
      "resolved": "https://registry.npmjs.org/opencode-linux-arm64/-/opencode-linux-arm64-1.2.24.tgz",
      "integrity": "sha512-zSpbVCwVfUQ/Bey1MEGkJg3A52EiIPgnpS44HwmSANkiLPVXRBVuwbFYN2qJ7eJVAH939K9+QPmDOW4X8DWKeQ==",
      "cpu": [
        "arm64"
      ],
      "optional": true,
      "os": [
        "linux"
      ]
    },
    "node_modules/opencode-linux-arm64-musl": {
      "version": "1.2.24",
      "resolved": "https://registry.npmjs.org/opencode-linux-arm64-musl/-/opencode-linux-arm64-musl-1.2.24.tgz",
      "integrity": "sha512-LY28mspJOJ2s32E0AbrfbdWH5Bw+5YQkuB3ACJiVxW1MafjhRgPOsXjnw38WMiFjZ+NbhSPBOKnL0guKseVd4Q==",
      "cpu": [
        "arm64"
      ],
      "optional": true,
      "os": [
        "linux"
      ]
    },
    "node_modules/opencode-linux-x64": {
      "version": "1.2.24",
      "resolved": "https://registry.npmjs.org/opencode-linux-x64/-/opencode-linux-x64-1.2.24.tgz",
      "integrity": "sha512-OM3umRJ2ZpDe4YtDOGp32cQCqvMPuFJBKKngfvWL4zz4EWDzLPttb0sNL7xdC1xR/XidtADRYcvtzc2rr7/4Rw==",
      "cpu": [
        "x64"
      ],
      "optional": true,
      "os": [
        "linux"
      ]
    },
    "node_modules/opencode-linux-x64-baseline": {
      "version": "1.2.24",
      "resolved": "https://registry.npmjs.org/opencode-linux-x64-baseline/-/opencode-linux-x64-baseline-1.2.24.tgz",
      "integrity": "sha512-yakykM+GxCMZ5WK2G0CQk5cGJkoKt09A/8Y0bhKy7l+Jc/QiTV2ZIlBwT5FO15dnuGlNH6zvukLyOQvOZinM+Q==",
      "cpu": [
        "x64"
      ],
      "optional": true,
      "os": [
        "linux"
      ]
    },
    "node_modules/opencode-linux-x64-baseline-musl": {
      "version": "1.2.24",
      "resolved": "https://registry.npmjs.org/opencode-linux-x64-baseline-musl/-/opencode-linux-x64-baseline-musl-1.2.24.tgz",
      "integrity": "sha512-XHPuf9Rj9nWkVX7JJZ5NtYx9UWT0hPiem/kAhZzYITseRGmQMMfFAhIOBYYvvlzJzgdhcrLi198kJHaKCdXjag==",
      "cpu": [
        "x64"
      ],
      "optional": true,
      "os": [
        "linux"
      ]
    },
    "node_modules/opencode-linux-x64-musl": {
      "version": "1.2.24",
      "resolved": "https://registry.npmjs.org/opencode-linux-x64-musl/-/opencode-linux-x64-musl-1.2.24.tgz",
      "integrity": "sha512-nFT4J4m4wKiZh4RsfgQJlW6W2w/VtMNnXnMiQk93FnncSf0nUXEB5Nam3P+vCjdR3i4cs355JiOvbshnMiJGSA==",
      "cpu": [
        "x64"
      ],
      "optional": true,
      "os": [
        "linux"
      ]
    },
    "node_modules/opencode-windows-x64": {
      "version": "1.2.24",
      "resolved": "https://registry.npmjs.org/opencode-windows-x64/-/opencode-windows-x64-1.2.24.tgz",
      "integrity": "sha512-7nkwFgS8Jn35kgw+6JIWRU6PmbggSuTDiQ+RnFGoySFgYW/Sz/R30Z4KmnbfJLElzEef0kX+nZQasfVl0pSf6A==",
      "cpu": [
        "x64"
      ],
      "optional": true,
      "os": [
        "win32"
      ]
    },
    "node_modules/opencode-windows-x64-baseline": {
      "version": "1.2.24",
      "resolved": "https://registry.npmjs.org/opencode-windows-x64-baseline/-/opencode-windows-x64-baseline-1.2.24.tgz",
      "integrity": "sha512-hXp1nPnkrHgM6cid1AogRJvjz931UbZ/G165B6AAR1gOb5EqtIh2gZcT0IRUyjooEpwH7+oGFRhT+3Kql/M0WA==",
      "cpu": [
        "x64"
      ],
      "optional": true,
      "os": [
        "win32"
      ]
    },
    "node_modules/read": {
      "version": "4.1.0",
      "resolved": "https://registry.npmjs.org/read/-/read-4.1.0.tgz",
      "integrity": "sha512-uRfX6K+f+R8OOrYScaM3ixPY4erg69f8DN6pgTvMcA9iRc8iDhwrA4m3Yu8YYKsXJgVvum+m8PkRboZwwuLzYA==",
      "license": "ISC",
      "dependencies": {
        "mute-stream": "^2.0.0"
      },
      "engines": {
        "node": "^18.17.0 || >=20.5.0"
      }
    },
    "node_modules/ws": {
      "version": "8.19.0",
      "resolved": "https://registry.npmjs.org/ws/-/ws-8.19.0.tgz",
      "integrity": "sha512-blAT2mjOEIi0ZzruJfIhb3nps74PRWTCz1IjglWEEpQl5XS/UNama6u2/rjFkDDouqr4L67ry+1aGIALViWjDg==",
      "license": "MIT",
      "engines": {
        "node": ">=10.0.0"
      },
      "peerDependencies": {
        "bufferutil": "^4.0.1",
        "utf-8-validate": ">=5.0.2"
      },
      "peerDependenciesMeta": {
        "bufferutil": {
          "optional": true
        },
        "utf-8-validate": {
          "optional": true
        }
      }
    },
    "node_modules/wscat": {
      "version": "6.1.0",
      "resolved": "https://registry.npmjs.org/wscat/-/wscat-6.1.0.tgz",
      "integrity": "sha512-x6gEZvITvqWslR38DoBfnMi37ZBUGsG9rTkGc/200sEfSs1JwgKLZYQeqa0vlu3bxXQV7hEHI4NF7KQmYIzB2A==",
      "license": "MIT",
      "dependencies": {
        "commander": "^12.1.0",
        "https-proxy-agent": "^7.0.5",
        "read": "^4.0.0",
        "ws": "^8.0.0"
      },
      "bin": {
        "wscat": "bin/wscat"
      },
      "engines": {
        "node": ">=18"
      }
    },
    "node_modules/zod": {
      "version": "4.3.6",
      "resolved": "https://registry.npmjs.org/zod/-/zod-4.3.6.tgz",
      "integrity": "sha512-rftlrkhHZOcjDwkGlnUtZZkvaPHCsDATp4pGpuOOMDaTdDDXF91wuVDJoWoPsKX/3YPQ5fHuF3STjcYyKr+Qhg==",
      "license": "MIT",
      "peer": true,
      "funding": {
        "url": "https://github.com/sponsors/colinhacks"
      }
    }
  }
}
