{
  "name": ".opencode",
  "lockfileVersion": 3,
  "requires": true,
  "packages": {
    "": {
      "dependencies": {
        "opencode-ai": "^1.2.6"
      }
    },
    "node_modules/opencode-ai": {
      "version": "1.2.6",
      "resolved": "https://registry.npmjs.org/opencode-ai/-/opencode-ai-1.2.6.tgz",
      "integrity": "sha512-50leGrfFGrL8hr/iCs/nDr9kHNtNV7X3NMi3EedTj4R6l8yLvB2KZUQHQFOvR0tjfEBm6OqkLu5rw5JSAt8YZg==",
      "hasInstallScript": true,
      "license": "MIT",
      "bin": {
        "opencode": "bin/opencode"
      },
      "optionalDependencies": {
        "opencode-darwin-arm64": "1.2.6",
        "opencode-darwin-x64": "1.2.6",
        "opencode-darwin-x64-baseline": "1.2.6",
        "opencode-linux-arm64": "1.2.6",
        "opencode-linux-arm64-musl": "1.2.6",
        "opencode-linux-x64": "1.2.6",
        "opencode-linux-x64-baseline": "1.2.6",
        "opencode-linux-x64-baseline-musl": "1.2.6",
        "opencode-linux-x64-musl": "1.2.6",
        "opencode-windows-x64": "1.2.6",
        "opencode-windows-x64-baseline": "1.2.6"
      }
    },
    "node_modules/opencode-darwin-arm64": {
      "version": "1.2.6",
      "resolved": "https://registry.npmjs.org/opencode-darwin-arm64/-/opencode-darwin-arm64-1.2.6.tgz",
      "integrity": "sha512-v5/Qs2vHAb1J/cMwQ13jTMiDPsEnf1bH+AvQYNlsLNFQbDtWc2gc9FJcXqva0/lhI+aVo2X/Z45E6ZfGE3ffDA==",
      "cpu": [
        "arm64"
      ],
      "optional": true,
      "os": [
        "darwin"
      ]
    },
    "node_modules/opencode-darwin-x64": {
      "version": "1.2.6",
      "resolved": "https://registry.npmjs.org/opencode-darwin-x64/-/opencode-darwin-x64-1.2.6.tgz",
      "integrity": "sha512-fyk1Y2+M7n0OC7ANAZKXYjJ7o4SdBmgDi2lxoWfixUcx+hauGhQoSmDSl047QMhbVUMYT0/GrJ0Wz/VpaKQG7A==",
      "cpu": [
        "x64"
      ],
      "optional": true,
      "os": [
        "darwin"
      ]
    },
    "node_modules/opencode-darwin-x64-baseline": {
      "version": "1.2.6",
      "resolved": "https://registry.npmjs.org/opencode-darwin-x64-baseline/-/opencode-darwin-x64-baseline-1.2.6.tgz",
      "integrity": "sha512-4EkBCNhr9ukVf8BYjBqPbWy4OyFLGeRDkM/Jtemu6/+2GoQfOvYeedGoixx6WSdgIF9XcqQAltHuP09Uq2+wgg==",
      "cpu": [
        "x64"
      ],
      "optional": true,
      "os": [
        "darwin"
      ]
    },
    "node_modules/opencode-linux-arm64": {
      "version": "1.2.6",
      "resolved": "https://registry.npmjs.org/opencode-linux-arm64/-/opencode-linux-arm64-1.2.6.tgz",
      "integrity": "sha512-kOAc+NJ8QnUb/GpZHCoPuWrUVIG57pXzrpvAW+htjmwMyCR340YMRraXkTxBf5V3dn9mE8JEO2SG1YuVS04WMA==",
      "cpu": [
        "arm64"
      ],
      "optional": true,
      "os": [
        "linux"
      ]
    },
    "node_modules/opencode-linux-arm64-musl": {
      "version": "1.2.6",
      "resolved": "https://registry.npmjs.org/opencode-linux-arm64-musl/-/opencode-linux-arm64-musl-1.2.6.tgz",
      "integrity": "sha512-rLW65R+omO/lYGQdIhekPpasX6BF1RNHZbJOrt9p13/bp39J6Iqu6z4WQmZbGVrBwhRcozwZAeFBq+dbptXlYQ==",
      "cpu": [
        "arm64"
      ],
      "optional": true,
      "os": [
        "linux"
      ]
    },
    "node_modules/opencode-linux-x64": {
      "version": "1.2.6",
      "resolved": "https://registry.npmjs.org/opencode-linux-x64/-/opencode-linux-x64-1.2.6.tgz",
      "integrity": "sha512-jj1V1Za2UgnHlXJ51z5curhn+dVbYBso3jZ/yAztDrg/WpRmjBHlFfNFXjDTr1Ojz2MLXqhJxz+LZrIhmpvcUA==",
      "cpu": [
        "x64"
      ],
      "optional": true,
      "os": [
        "linux"
      ]
    },
    "node_modules/opencode-linux-x64-baseline": {
      "version": "1.2.6",
      "resolved": "https://registry.npmjs.org/opencode-linux-x64-baseline/-/opencode-linux-x64-baseline-1.2.6.tgz",
      "integrity": "sha512-ioXDyYWmEs+Lo0ssZUTpwbg5mBPh/deDo+KgvFqB4UowJT5A9hEafEs4ke6vlZccynXefz7AUNc+Ts3rAcz7SA==",
      "cpu": [
        "x64"
      ],
      "optional": true,
      "os": [
        "linux"
      ]
    },
    "node_modules/opencode-linux-x64-baseline-musl": {
      "version": "1.2.6",
      "resolved": "https://registry.npmjs.org/opencode-linux-x64-baseline-musl/-/opencode-linux-x64-baseline-musl-1.2.6.tgz",
      "integrity": "sha512-rQtKOrcop3hAPJW7Djuq2DdhdxBH9Fb/DWwKI4mgK2Z0e5Bspselan+1lnD6ucD9JWGSCa9OItWKxqVRnBFPOQ==",
      "cpu": [
        "x64"
      ],
      "optional": true,
      "os": [
        "linux"
      ]
    },
    "node_modules/opencode-linux-x64-musl": {
      "version": "1.2.6",
      "resolved": "https://registry.npmjs.org/opencode-linux-x64-musl/-/opencode-linux-x64-musl-1.2.6.tgz",
      "integrity": "sha512-6OWPagHeOxOf0X/Rjp4W8bZzxtPARJj41WelqU4wSeWgYA3uoGKuAzd8TJUAwQH3H61TWdPxMrp+wRY77RX2Sg==",
      "cpu": [
        "x64"
      ],
      "optional": true,
      "os": [
        "linux"
      ]
    },
    "node_modules/opencode-windows-x64": {
      "version": "1.2.6",
      "resolved": "https://registry.npmjs.org/opencode-windows-x64/-/opencode-windows-x64-1.2.6.tgz",
      "integrity": "sha512-tac0/9dINr3rUctYOSXaofL1TGenR8E8pipxyL07vGh/DxqI7ZXcY/RTryeannIt1LGCo8Lf+dYbzGuJKL4AaQ==",
      "cpu": [
        "x64"
      ],
      "optional": true,
      "os": [
        "win32"
      ]
    },
    "node_modules/opencode-windows-x64-baseline": {
      "version": "1.2.6",
      "resolved": "https://registry.npmjs.org/opencode-windows-x64-baseline/-/opencode-windows-x64-baseline-1.2.6.tgz",
      "integrity": "sha512-0kaVc+6CAA4qxtI/FA0JdskAF7DOdcZcxyyOEduKQwengwWQaiUi076AXCjQ9COMVPxo+99QodMG2Lt06d691A==",
      "cpu": [
        "x64"
      ],
      "optional": true,
      "os": [
        "win32"
      ]
    }
  }
}
